{
  "version": 4,
  "terraform_version": "1.14.8",
  "serial": 91,
  "lineage": "1369f38f-b298-6bb6-0ced-641550b7b8dc",
  "outputs": {
    "private_ip": {
      "value": "10.0.2.157",
      "type": "string"
    },
    "public_ip": {
      "value": "43.205.241.37",
      "type": "string"
    },
    "ssh_private_key": {
      "value": "-----BEGIN RSA PRIVATE KEY-----\nMIIJKAIBAAKCAgEAzQErpoOiTuxlg3EzOF4QiVqylXxIBG/agGOEQTXAYjFc4QSm\nAqkyAkzYo7RRqN4LV+gRS7OAeAiljej4JpVQbWwcoGO8hLebViQIuH+fYxl9J9If\nmIVIDxGlX0o9IOzeMCjkYD89w/ikhyjgVBZTlqWk8LngSlzNJq6IIlNNwj1e2sgc\n+8Xj/DCekIUGpVWNhyQ4l7BrKukLAMr+RUSREVc1cmW00stzdeyuFP2pcwlM/DuT\nZEZiRPIrhxPlh+zvTylo/VNXjZF0dvw/6BgOo4VZxRG5TQFhrTJ8TUIQ+i+dphor\nGaneUf111Uk7rBTTh/6OeA9gI9Hwn/Co043xuNhBNxVNZt1OF97Qae61erP8wS0u\nUCEsnj2lisP8Nrss+IasDqEhJUDyPdzumPangGL7ZBUuAeu+TUMFLZvMTtrrbTfl\n4IRKjIjaq6vbrLpHQLQeAPyWGJER+IfexPHKLYozZbx+NcpN5IfheBzcsu4a/c22\nLJ//jLpqXcspjS/AUJ7kyXa4lGjgttEzcY+8HWPM8A2i8GjZQZEtnxjY0/Ovn2Ie\nYuzV/VroK3ywlwuS/FM2LIHBVtENKpHKlFlvcPsUynuzpJ1jFgl67PHsoj3zZK+Z\nFOuj/0VDLfloKjbO+406EX5gOdzS9+KDYU8aE9MwTmb+JVnlPdPHpUGn78sCAwEA\nAQKCAgAEIG22/YVzeB6/MmuVJoNmUrXUDswEU/2biAPIAZjMqluejwIofRP+J9xU\nirY3DhmUvJF08Tk5AJUUkIG0YI3Xby84JTeJst3Ph568LV6jziR/lITEZfms+5j/\n2UtLn4U2baJlJ384s9CfFyGmzKAQmu1i3W1KmAOjFyEU4hekVYTgoEdfv2ohvamR\n8LP1vD4whIRs1XYDkKN266tZg4LgcYg0j5nYbA5+LomvgblllwkyQwJFrwseabPX\nXoly9zPt1SfyK2or9dgVwmmUoVICf4Putkkx9AQGAUVmJa90FsafJ9MgL/uSdNmZ\nO88Dgg3pKrcDd3+TvxvYg/0AfxnWhd39rDyaMHZH4375ggXOIreYqEdbqINwLQy7\nRhwMfp46gQmW8QQpFhqjNMAX52eTU/cENgSn8G/1Un+RrQbL224oGxZ25G5sWvoU\n50f+cDDyBc0b4/3M5qtNiJG6lW/WcTAwJ2U8elY6XmCpU96SGgG+mvB6MpWUvrZa\nzkZIMsZweCAjvj6b+ioVCMBZjn1LD3VHDDHB0VFoiAvOl9RAcQCHWsJYnnrThXou\n2f0Q2F/h3iDQ5jmuOk6PrLpBj/cpEgdzL933HQppzk+B9QqyEGa8QKz8njfet49i\nXtqE8ELtQMknBrZiymNNuDFwKIgq+iioLSI1h8KMvs0NaugbQQKCAQEA24w4isuP\nazP/xSo/+1kY3E+XbtvHsknOAiXufXNDPiiKGi/0cEV7wTUkv4ws64HW+bg95cjE\nlkIFpZ6AiBcnBAxgHS1HAyxN4TwDo13qRuxJX76Gp+dFigpDRpaRsZBTNk4XNsUJ\nJPYeU7WHBwqLdjMOdjd4TyTuTG6cXv4b9023QmwVnxk5YbdBsar915Vbu1awLi7c\ndaxkoVXIVYQVGDeqs5uaYimjnE6+29mkrYMNrjpm53Fb90Zrfm3b0EeKOjoktMWW\nAzWB2GjRr2xPzDNoglqTgi2n/XTv6o+TtzeOTyqViseIPq5JiZxil6B76TkeNVuW\nTeqpTX9P7Y9sBQKCAQEA7wrMgWqjml+WweZR+NET+QNLoAKrf4vkd4ij7gf3HFA1\nM28YgJyj4oSpT+ZcZSPf8hW5uN/VOJnXN3ikkiyq6y3oWCJL/LkchpVKjNOVsMIa\nwsM+PRGP2ZnapglFJ5U1uI0AnOyv8cXlPtH1h1CD1e4/YUh7ZDDx3sgoUGKEPFWV\nIVyZiwYfcVMCutaV8yT6LN5nNe/E/k2fTCVampBshWFW9FXF8SEO8rfHx9nMILYy\nTTtjP2b+SmUT0e8gj0yWryi8A1MDhY119skEa+ITYJebOnU3mtwjWS067O1KQqFM\nJKTr+SAgk2ypmldKssEi9SmFafItArkFqZCzJXyFjwKCAQAi+wJ/StO9FvnnpkWv\nfJCzeZL9PNNimtPSD80h+9145+ipJ37g7JE9RYRnaKQ3meZwv2RNWmHINxjDPK/p\n/xZeVMJzo6Uu4j4+ZtuFig8r4bYHJUo7MmQoDF6PvqnUCtTXUDXuqhI862IFoGS1\nQH7cBGKHf2sR4SZ+0xjjIcW+74kFckc3pEM6SIKVFlN/p/KHtNY5ZYoGzcLy2cIj\nrfnWc/gkyeQdQ9knrHxIdzL/2mOxoOiIc81dZsD10fc2BlAF2wHCM8ElHb9khb7z\nHmTQelhqfJgII9IiViFr1BiLFrT79CMDi6svoYFiBaLH2fAkRs+DXOZj38G98U0A\n4tspAoIBAHpLgw8e+K6NAvsWk4+Bn/9A4VruosDxWCSTgpLP/mu82UsEJnv+J5ZH\nGrwm9dREw1j+JnNgCJ0Zj9LwZPnn4lXJudoFSez045QzIt3jjezNkZVdACWMK5U/\nMm7JxViX7NELSmn+aZF/FmbKUhw1ZA16A3EI/R/oLoY0zvM5Q7/+ZPqZfnBy5Hk8\n5+OgzzyDCX8VFaaxkY4tNjdl0PHMu8iNYUhF7awMprIkthAX7Gg77oY2wPL6BVUY\nW0iHV5gYrerVI0NsIBweoGBuvVVYZ2N+jMselyEiSO9hxYjbaaenD+abfaKJ/kCO\nUkMFL9E+IF1fLcNjRAXllPEId67RAx8CggEBAMVstCVvFLAOTARDTQCxj6UkLO3u\nxsnIPhABXtFN6puM/H+Oc6qxiqwf9GoHY4EzJJYBKca8+Zwk5mSKsRBadvHP1NJa\nFgY9ugWBM8ERv8W6ps4JPki3nsnVU9tL2jBZz822KPWj+gOyFRO4gqpMPUwinzPn\n+lZNej3hi9BN8P/0s69bJkDl095JRwv8J5+8tDc57ovXjDtjvIWoxB7dfGAdvSWe\n2tb+5swecGlOapw4+ufhSnzIO5yN3QBMAPNinQLVVWps6vGGjRxBMb39Ub/sLM9v\nr/0WaIhLatynQH9EpzyZK5JvvMbGuNovA9H2uSGr+Eclq7aO/8os2DQ3VyU=\n-----END RSA PRIVATE KEY-----\n",
      "type": "string",
      "sensitive": true
    }
  },
  "resources": [
    {
      "module": "module.ec2_instance",
      "mode": "managed",
      "type": "aws_instance",
      "name": "private_vm",
      "provider": "provider[\"registry.terraform.io/hashicorp/aws\"]",
      "instances": [
        {
          "schema_version": 2,
          "attributes": {
            "ami": "ami-05d2d839d4f73aafb",
            "arn": "arn:aws:ec2:ap-south-1:497645774924:instance/i-06631881fd8e63885",
            "associate_public_ip_address": false,
            "availability_zone": "ap-south-1a",
            "capacity_reservation_specification": [
              {
                "capacity_reservation_preference": "open",
                "capacity_reservation_target": []
              }
            ],
            "cpu_options": [
              {
                "amd_sev_snp": "",
                "core_count": 1,
                "nested_virtualization": "",
                "threads_per_core": 2
              }
            ],
            "credit_specification": [
              {
                "cpu_credits": "unlimited"
              }
            ],
            "disable_api_stop": false,
            "disable_api_termination": false,
            "ebs_block_device": [],
            "ebs_optimized": false,
            "enable_primary_ipv6": null,
            "enclave_options": [
              {
                "enabled": false
              }
            ],
            "ephemeral_block_device": [],
            "force_destroy": false,
            "get_password_data": false,
            "hibernation": false,
            "host_id": "",
            "host_resource_group_arn": null,
            "iam_instance_profile": "",
            "id": "i-06631881fd8e63885",
            "instance_initiated_shutdown_behavior": "stop",
            "instance_lifecycle": "",
            "instance_market_options": [],
            "instance_state": "running",
            "instance_type": "t3.micro",
            "ipv6_address_count": 0,
            "ipv6_addresses": [],
            "key_name": "terraform-key",
            "launch_template": [],
            "maintenance_options": [
              {
                "auto_recovery": "default"
              }
            ],
            "metadata_options": [
              {
                "http_endpoint": "enabled",
                "http_protocol_ipv6": "disabled",
                "http_put_response_hop_limit": 2,
                "http_tokens": "required",
                "instance_metadata_tags": "disabled"
              }
            ],
            "monitoring": false,
            "network_interface": [],
            "outpost_arn": "",
            "password_data": "",
            "placement_group": "",
            "placement_group_id": "",
            "placement_partition_number": 0,
            "primary_network_interface": [
              {
                "delete_on_termination": true,
                "network_interface_id": "eni-00ad035209198e1fe"
              }
            ],
            "primary_network_interface_id": "eni-00ad035209198e1fe",
            "private_dns": "ip-10-0-2-157.ap-south-1.compute.internal",
            "private_dns_name_options": [
              {
                "enable_resource_name_dns_a_record": false,
                "enable_resource_name_dns_aaaa_record": false,
                "hostname_type": "ip-name"
              }
            ],
            "private_ip": "10.0.2.157",
            "public_dns": "",
            "public_ip": "",
            "region": "ap-south-1",
            "root_block_device": [
              {
                "delete_on_termination": true,
                "device_name": "/dev/sda1",
                "encrypted": false,
                "iops": 3000,
                "kms_key_id": "",
                "tags": {},
                "tags_all": {},
                "throughput": 125,
                "volume_id": "vol-053efc3c24a4b15f6",
                "volume_size": 8,
                "volume_type": "gp3"
              }
            ],
            "secondary_network_interface": [],
            "secondary_private_ips": [],
            "security_groups": [],
            "source_dest_check": true,
            "spot_instance_request_id": "",
            "subnet_id": "subnet-07cdbf5fb492924c1",
            "tags": {
              "Name": "Private-VM"
            },
            "tags_all": {
              "Name": "Private-VM"
            },
            "tenancy": "default",
            "timeouts": null,
            "user_data": null,
            "user_data_base64": null,
            "user_data_replace_on_change": false,
            "volume_tags": null,
            "vpc_security_group_ids": [
              "sg-024c06c036daa6f24"
            ]
          },
          "sensitive_attributes": [],
          "identity_schema_version": 0,
          "identity": {
            "account_id": "497645774924",
            "id": "i-06631881fd8e63885",
            "region": "ap-south-1"
          },
          "private": "eyJlMmJmYjczMC1lY2FhLTExZTYtOGY4OC0zNDM2M2JjN2M0YzAiOnsiY3JlYXRlIjo2MDAwMDAwMDAwMDAsImRlbGV0ZSI6MTIwMDAwMDAwMDAwMCwicmVhZCI6OTAwMDAwMDAwMDAwLCJ1cGRhdGUiOjYwMDAwMDAwMDAwMH0sInNjaGVtYV92ZXJzaW9uIjoiMiJ9",
          "dependencies": [
            "module.networking.aws_subnet.private",
            "module.networking.aws_vpc.main",
            "module.ssh_key.aws_key_pair.generated",
            "module.ssh_key.tls_private_key.key"
          ]
        }
      ]
    },
    {
      "module": "module.ec2_instance",
      "mode": "managed",
      "type": "aws_instance",
      "name": "public_vm",
      "provider": "provider[\"registry.terraform.io/hashicorp/aws\"]",
      "instances": [
        {
          "schema_version": 2,
          "attributes": {
            "ami": "ami-05d2d839d4f73aafb",
            "arn": "arn:aws:ec2:ap-south-1:497645774924:instance/i-0ffbff00ba33d4dd4",
            "associate_public_ip_address": true,
            "availability_zone": "ap-south-1a",
            "capacity_reservation_specification": [
              {
                "capacity_reservation_preference": "open",
                "capacity_reservation_target": []
              }
            ],
            "cpu_options": [
              {
                "amd_sev_snp": "",
                "core_count": 1,
                "nested_virtualization": "",
                "threads_per_core": 2
              }
            ],
            "credit_specification": [
              {
                "cpu_credits": "unlimited"
              }
            ],
            "disable_api_stop": false,
            "disable_api_termination": false,
            "ebs_block_device": [],
            "ebs_optimized": false,
            "enable_primary_ipv6": null,
            "enclave_options": [
              {
                "enabled": false
              }
            ],
            "ephemeral_block_device": [],
            "force_destroy": false,
            "get_password_data": false,
            "hibernation": false,
            "host_id": "",
            "host_resource_group_arn": null,
            "iam_instance_profile": "",
            "id": "i-0ffbff00ba33d4dd4",
            "instance_initiated_shutdown_behavior": "stop",
            "instance_lifecycle": "",
            "instance_market_options": [],
            "instance_state": "running",
            "instance_type": "t3.micro",
            "ipv6_address_count": 0,
            "ipv6_addresses": [],
            "key_name": "terraform-key",
            "launch_template": [],
            "maintenance_options": [
              {
                "auto_recovery": "default"
              }
            ],
            "metadata_options": [
              {
                "http_endpoint": "enabled",
                "http_protocol_ipv6": "disabled",
                "http_put_response_hop_limit": 2,
                "http_tokens": "required",
                "instance_metadata_tags": "disabled"
              }
            ],
            "monitoring": false,
            "network_interface": [],
            "outpost_arn": "",
            "password_data": "",
            "placement_group": "",
            "placement_group_id": "",
            "placement_partition_number": 0,
            "primary_network_interface": [
              {
                "delete_on_termination": true,
                "network_interface_id": "eni-06b1e8a9ebcb44922"
              }
            ],
            "primary_network_interface_id": "eni-06b1e8a9ebcb44922",
            "private_dns": "ip-10-0-1-209.ap-south-1.compute.internal",
            "private_dns_name_options": [
              {
                "enable_resource_name_dns_a_record": false,
                "enable_resource_name_dns_aaaa_record": false,
                "hostname_type": "ip-name"
              }
            ],
            "private_ip": "10.0.1.209",
            "public_dns": "",
            "public_ip": "43.205.241.37",
            "region": "ap-south-1",
            "root_block_device": [
              {
                "delete_on_termination": true,
                "device_name": "/dev/sda1",
                "encrypted": false,
                "iops": 3000,
                "kms_key_id": "",
                "tags": {},
                "tags_all": {},
                "throughput": 125,
                "volume_id": "vol-07def17b2fe6ebb97",
                "volume_size": 8,
                "volume_type": "gp3"
              }
            ],
            "secondary_network_interface": [],
            "secondary_private_ips": [],
            "security_groups": [],
            "source_dest_check": true,
            "spot_instance_request_id": "",
            "subnet_id": "subnet-0a4413e80ae80f92b",
            "tags": {
              "Name": "Public-NGINX"
            },
            "tags_all": {
              "Name": "Public-NGINX"
            },
            "tenancy": "default",
            "timeouts": null,
            "user_data": "#!/bin/bash\nyum install nginx -y\nsystemctl start nginx\nsystemctl enable nginx\n",
            "user_data_base64": null,
            "user_data_replace_on_change": false,
            "volume_tags": null,
            "vpc_security_group_ids": [
              "sg-0054e5555669e1c9a"
            ]
          },
          "sensitive_attributes": [],
          "identity_schema_version": 0,
          "identity": {
            "account_id": "497645774924",
            "id": "i-0ffbff00ba33d4dd4",
            "region": "ap-south-1"
          },
          "private": "eyJlMmJmYjczMC1lY2FhLTExZTYtOGY4OC0zNDM2M2JjN2M0YzAiOnsiY3JlYXRlIjo2MDAwMDAwMDAwMDAsImRlbGV0ZSI6MTIwMDAwMDAwMDAwMCwicmVhZCI6OTAwMDAwMDAwMDAwLCJ1cGRhdGUiOjYwMDAwMDAwMDAwMH0sInNjaGVtYV92ZXJzaW9uIjoiMiJ9",
          "dependencies": [
            "module.ec2_instance.aws_security_group.nginx_sg",
            "module.networking.aws_subnet.public",
            "module.networking.aws_vpc.main",
            "module.ssh_key.aws_key_pair.generated",
            "module.ssh_key.tls_private_key.key"
          ]
        }
      ]
    },
    {
      "module": "module.ec2_instance",
      "mode": "managed",
      "type": "aws_security_group",
      "name": "nginx_sg",
      "provider": "provider[\"registry.terraform.io/hashicorp/aws\"]",
      "instances": [
        {
          "schema_version": 1,
          "attributes": {
            "arn": "arn:aws:ec2:ap-south-1:497645774924:security-group/sg-0054e5555669e1c9a",
            "description": "Managed by Terraform",
            "egress": [
              {
                "cidr_blocks": [
                  "0.0.0.0/0"
                ],
                "description": "",
                "from_port": 0,
                "ipv6_cidr_blocks": [],
                "prefix_list_ids": [],
                "protocol": "-1",
                "security_groups": [],
                "self": false,
                "to_port": 0
              }
            ],
            "id": "sg-0054e5555669e1c9a",
            "ingress": [
              {
                "cidr_blocks": [
                  "0.0.0.0/0"
                ],
                "description": "",
                "from_port": 22,
                "ipv6_cidr_blocks": [],
                "prefix_list_ids": [],
                "protocol": "tcp",
                "security_groups": [],
                "self": false,
                "to_port": 22
              },
              {
                "cidr_blocks": [
                  "0.0.0.0/0"
                ],
                "description": "",
                "from_port": 80,
                "ipv6_cidr_blocks": [],
                "prefix_list_ids": [],
                "protocol": "tcp",
                "security_groups": [],
                "self": false,
                "to_port": 80
              }
            ],
            "name": "nginx-sg",
            "name_prefix": "",
            "owner_id": "497645774924",
            "region": "ap-south-1",
            "revoke_rules_on_delete": false,
            "tags": null,
            "tags_all": {},
            "timeouts": null,
            "vpc_id": "vpc-0f9e10d436941df28"
          },
          "sensitive_attributes": [],
          "identity_schema_version": 0,
          "identity": {
            "account_id": "497645774924",
            "id": "sg-0054e5555669e1c9a",
            "region": "ap-south-1"
          },
          "private": "eyJlMmJmYjczMC1lY2FhLTExZTYtOGY4OC0zNDM2M2JjN2M0YzAiOnsiY3JlYXRlIjo2MDAwMDAwMDAwMDAsImRlbGV0ZSI6OTAwMDAwMDAwMDAwfSwic2NoZW1hX3ZlcnNpb24iOiIxIn0=",
          "dependencies": [
            "module.networking.aws_vpc.main"
          ]
        }
      ]
    },
    {
      "module": "module.networking",
      "mode": "managed",
      "type": "aws_eip",
      "name": "nat",
      "provider": "provider[\"registry.terraform.io/hashicorp/aws\"]",
      "instances": [
        {
          "schema_version": 0,
          "attributes": {
            "address": null,
            "allocation_id": "eipalloc-0205b47c419fbad35",
            "arn": "arn:aws:ec2:ap-south-1:497645774924:elastic-ip/eipalloc-0205b47c419fbad35",
            "associate_with_private_ip": null,
            "association_id": "",
            "carrier_ip": "",
            "customer_owned_ip": "",
            "customer_owned_ipv4_pool": "",
            "domain": "vpc",
            "id": "eipalloc-0205b47c419fbad35",
            "instance": "",
            "ipam_pool_id": null,
            "network_border_group": "ap-south-1",
            "network_interface": "",
            "private_dns": null,
            "private_ip": "",
            "ptr_record": "",
            "public_dns": "ec2-52-66-191-247.ap-south-1.compute.amazonaws.com",
            "public_ip": "52.66.191.247",
            "public_ipv4_pool": "amazon",
            "region": "ap-south-1",
            "tags": null,
            "tags_all": {},
            "timeouts": null
          },
          "sensitive_attributes": [],
          "identity_schema_version": 0,
          "private": "eyJlMmJmYjczMC1lY2FhLTExZTYtOGY4OC0zNDM2M2JjN2M0YzAiOnsiZGVsZXRlIjoxODAwMDAwMDAwMDAsInJlYWQiOjkwMDAwMDAwMDAwMCwidXBkYXRlIjozMDAwMDAwMDAwMDB9fQ=="
        }
      ]
    },
    {
      "module": "module.networking",
      "mode": "managed",
      "type": "aws_internet_gateway",
      "name": "igw",
      "provider": "provider[\"registry.terraform.io/hashicorp/aws\"]",
      "instances": [
        {
          "schema_version": 0,
          "attributes": {
            "arn": "arn:aws:ec2:ap-south-1:497645774924:internet-gateway/igw-0813dc3fb8b729dfb",
            "id": "igw-0813dc3fb8b729dfb",
            "owner_id": "497645774924",
            "region": "ap-south-1",
            "tags": null,
            "tags_all": {},
            "timeouts": null,
            "vpc_id": "vpc-0f9e10d436941df28"
          },
          "sensitive_attributes": [],
          "identity_schema_version": 0,
          "private": "eyJlMmJmYjczMC1lY2FhLTExZTYtOGY4OC0zNDM2M2JjN2M0YzAiOnsiY3JlYXRlIjoxMjAwMDAwMDAwMDAwLCJkZWxldGUiOjEyMDAwMDAwMDAwMDAsInVwZGF0ZSI6MTIwMDAwMDAwMDAwMH19",
          "dependencies": [
            "module.networking.aws_vpc.main"
          ]
        }
      ]
    },
    {
      "module": "module.networking",
      "mode": "managed",
      "type": "aws_nat_gateway",
      "name": "nat",
      "provider": "provider[\"registry.terraform.io/hashicorp/aws\"]",
      "instances": [
        {
          "schema_version": 0,
          "attributes": {
            "allocation_id": "eipalloc-0205b47c419fbad35",
            "association_id": "eipassoc-0b3395d84617d8385",
            "auto_provision_zones": null,
            "auto_scaling_ips": null,
            "availability_mode": "zonal",
            "availability_zone_address": [],
            "connectivity_type": "public",
            "id": "nat-0e18bde443d427245",
            "network_interface_id": "eni-0a4a59ef0a84d9b9c",
            "private_ip": "10.0.1.121",
            "public_ip": "52.66.191.247",
            "region": "ap-south-1",
            "regional_nat_gateway_address": [],
            "regional_nat_gateway_auto_mode": null,
            "route_table_id": null,
            "secondary_allocation_ids": [],
            "secondary_private_ip_address_count": 0,
            "secondary_private_ip_addresses": [],
            "subnet_id": "subnet-0a4413e80ae80f92b",
            "tags": null,
            "tags_all": {},
            "timeouts": null,
            "vpc_id": "vpc-0f9e10d436941df28"
          },
          "sensitive_attributes": [],
          "identity_schema_version": 0,
          "identity": {
            "account_id": "497645774924",
            "id": "nat-0e18bde443d427245",
            "region": "ap-south-1"
          },
          "private": "eyJlMmJmYjczMC1lY2FhLTExZTYtOGY4OC0zNDM2M2JjN2M0YzAiOnsiY3JlYXRlIjo2MDAwMDAwMDAwMDAsImRlbGV0ZSI6MTgwMDAwMDAwMDAwMCwidXBkYXRlIjo2MDAwMDAwMDAwMDB9fQ==",
          "dependencies": [
            "module.networking.aws_eip.nat",
            "module.networking.aws_subnet.public",
            "module.networking.aws_vpc.main"
          ]
        }
      ]
    },
    {
      "module": "module.networking",
      "mode": "managed",
      "type": "aws_route",
      "name": "private_route",
      "provider": "provider[\"registry.terraform.io/hashicorp/aws\"]",
      "instances": [
        {
          "schema_version": 0,
          "attributes": {
            "carrier_gateway_id": "",
            "core_network_arn": "",
            "destination_cidr_block": "0.0.0.0/0",
            "destination_ipv6_cidr_block": "",
            "destination_prefix_list_id": "",
            "egress_only_gateway_id": "",
            "gateway_id": "",
            "id": "r-rtb-01bb5c79a7c0547a91080289494",
            "instance_id": "",
            "instance_owner_id": "",
            "local_gateway_id": "",
            "nat_gateway_id": "nat-0e18bde443d427245",
            "network_interface_id": "",
            "origin": "CreateRoute",
            "region": "ap-south-1",
            "route_table_id": "rtb-01bb5c79a7c0547a9",
            "state": "active",
            "timeouts": null,
            "transit_gateway_id": "",
            "vpc_endpoint_id": "",
            "vpc_peering_connection_id": ""
          },
          "sensitive_attributes": [],
          "identity_schema_version": 0,
          "identity": {
            "account_id": "497645774924",
            "destination_cidr_block": "0.0.0.0/0",
            "destination_ipv6_cidr_block": null,
            "destination_prefix_list_id": null,
            "region": "ap-south-1",
            "route_table_id": "rtb-01bb5c79a7c0547a9"
          },
          "private": "eyJlMmJmYjczMC1lY2FhLTExZTYtOGY4OC0zNDM2M2JjN2M0YzAiOnsiY3JlYXRlIjozMDAwMDAwMDAwMDAsImRlbGV0ZSI6MzAwMDAwMDAwMDAwLCJ1cGRhdGUiOjEyMDAwMDAwMDAwMH19",
          "dependencies": [
            "module.networking.aws_eip.nat",
            "module.networking.aws_nat_gateway.nat",
            "module.networking.aws_route_table.private",
            "module.networking.aws_subnet.public",
            "module.networking.aws_vpc.main"
          ]
        }
      ]
    },
    {
      "module": "module.networking",
      "mode": "managed",
      "type": "aws_route",
      "name": "public_route",
      "provider": "provider[\"registry.terraform.io/hashicorp/aws\"]",
      "instances": [
        {
          "schema_version": 0,
          "attributes": {
            "carrier_gateway_id": "",
            "core_network_arn": "",
            "destination_cidr_block": "0.0.0.0/0",
            "destination_ipv6_cidr_block": "",
            "destination_prefix_list_id": "",
            "egress_only_gateway_id": "",
            "gateway_id": "igw-0813dc3fb8b729dfb",
            "id": "r-rtb-0424587c7283dfd9d1080289494",
            "instance_id": "",
            "instance_owner_id": "",
            "local_gateway_id": "",
            "nat_gateway_id": "",
            "network_interface_id": "",
            "origin": "CreateRoute",
            "region": "ap-south-1",
            "route_table_id": "rtb-0424587c7283dfd9d",
            "state": "active",
            "timeouts": null,
            "transit_gateway_id": "",
            "vpc_endpoint_id": "",
            "vpc_peering_connection_id": ""
          },
          "sensitive_attributes": [],
          "identity_schema_version": 0,
          "identity": {
            "account_id": "497645774924",
            "destination_cidr_block": "0.0.0.0/0",
            "destination_ipv6_cidr_block": null,
            "destination_prefix_list_id": null,
            "region": "ap-south-1",
            "route_table_id": "rtb-0424587c7283dfd9d"
          },
          "private": "eyJlMmJmYjczMC1lY2FhLTExZTYtOGY4OC0zNDM2M2JjN2M0YzAiOnsiY3JlYXRlIjozMDAwMDAwMDAwMDAsImRlbGV0ZSI6MzAwMDAwMDAwMDAwLCJ1cGRhdGUiOjEyMDAwMDAwMDAwMH19",
          "dependencies": [
            "module.networking.aws_internet_gateway.igw",
            "module.networking.aws_route_table.public",
            "module.networking.aws_vpc.main"
          ]
        }
      ]
    },
    {
      "module": "module.networking",
      "mode": "managed",
      "type": "aws_route_table",
      "name": "private",
      "provider": "provider[\"registry.terraform.io/hashicorp/aws\"]",
      "instances": [
        {
          "schema_version": 0,
          "attributes": {
            "arn": "arn:aws:ec2:ap-south-1:497645774924:route-table/rtb-01bb5c79a7c0547a9",
            "id": "rtb-01bb5c79a7c0547a9",
            "owner_id": "497645774924",
            "propagating_vgws": [],
            "region": "ap-south-1",
            "route": [],
            "tags": null,
            "tags_all": {},
            "timeouts": null,
            "vpc_id": "vpc-0f9e10d436941df28"
          },
          "sensitive_attributes": [],
          "identity_schema_version": 0,
          "identity": {
            "account_id": "497645774924",
            "id": "rtb-01bb5c79a7c0547a9",
            "region": "ap-south-1"
          },
          "private": "eyJlMmJmYjczMC1lY2FhLTExZTYtOGY4OC0zNDM2M2JjN2M0YzAiOnsiY3JlYXRlIjozMDAwMDAwMDAwMDAsImRlbGV0ZSI6MzAwMDAwMDAwMDAwLCJ1cGRhdGUiOjEyMDAwMDAwMDAwMH19",
          "dependencies": [
            "module.networking.aws_vpc.main"
          ]
        }
      ]
    },
    {
      "module": "module.networking",
      "mode": "managed",
      "type": "aws_route_table",
      "name": "public",
      "provider": "provider[\"registry.terraform.io/hashicorp/aws\"]",
      "instances": [
        {
          "schema_version": 0,
          "attributes": {
            "arn": "arn:aws:ec2:ap-south-1:497645774924:route-table/rtb-0424587c7283dfd9d",
            "id": "rtb-0424587c7283dfd9d",
            "owner_id": "497645774924",
            "propagating_vgws": [],
            "region": "ap-south-1",
            "route": [],
            "tags": null,
            "tags_all": {},
            "timeouts": null,
            "vpc_id": "vpc-0f9e10d436941df28"
          },
          "sensitive_attributes": [],
          "identity_schema_version": 0,
          "identity": {
            "account_id": "497645774924",
            "id": "rtb-0424587c7283dfd9d",
            "region": "ap-south-1"
          },
          "private": "eyJlMmJmYjczMC1lY2FhLTExZTYtOGY4OC0zNDM2M2JjN2M0YzAiOnsiY3JlYXRlIjozMDAwMDAwMDAwMDAsImRlbGV0ZSI6MzAwMDAwMDAwMDAwLCJ1cGRhdGUiOjEyMDAwMDAwMDAwMH19",
          "dependencies": [
            "module.networking.aws_vpc.main"
          ]
        }
      ]
    },
    {
      "module": "module.networking",
      "mode": "managed",
      "type": "aws_route_table_association",
      "name": "private_assoc",
      "provider": "provider[\"registry.terraform.io/hashicorp/aws\"]",
      "instances": [
        {
          "schema_version": 0,
          "attributes": {
            "gateway_id": "",
            "id": "rtbassoc-0b15b1555a3f3a4ae",
            "region": "ap-south-1",
            "route_table_id": "rtb-01bb5c79a7c0547a9",
            "subnet_id": "subnet-07cdbf5fb492924c1",
            "timeouts": null
          },
          "sensitive_attributes": [],
          "identity_schema_version": 0,
          "identity": {
            "account_id": "497645774924",
            "id": "rtbassoc-0b15b1555a3f3a4ae",
            "region": "ap-south-1"
          },
          "private": "eyJlMmJmYjczMC1lY2FhLTExZTYtOGY4OC0zNDM2M2JjN2M0YzAiOnsiY3JlYXRlIjozMDAwMDAwMDAwMDAsImRlbGV0ZSI6MzAwMDAwMDAwMDAwLCJ1cGRhdGUiOjEyMDAwMDAwMDAwMH19",
          "dependencies": [
            "module.networking.aws_route_table.private",
            "module.networking.aws_subnet.private",
            "module.networking.aws_vpc.main"
          ]
        }
      ]
    },
    {
      "module": "module.networking",
      "mode": "managed",
      "type": "aws_route_table_association",
      "name": "public_assoc",
      "provider": "provider[\"registry.terraform.io/hashicorp/aws\"]",
      "instances": [
        {
          "schema_version": 0,
          "attributes": {
            "gateway_id": "",
            "id": "rtbassoc-005cd524bbc082a7e",
            "region": "ap-south-1",
            "route_table_id": "rtb-0424587c7283dfd9d",
            "subnet_id": "subnet-0a4413e80ae80f92b",
            "timeouts": null
          },
          "sensitive_attributes": [],
          "identity_schema_version": 0,
          "identity": {
            "account_id": "497645774924",
            "id": "rtbassoc-005cd524bbc082a7e",
            "region": "ap-south-1"
          },
          "private": "eyJlMmJmYjczMC1lY2FhLTExZTYtOGY4OC0zNDM2M2JjN2M0YzAiOnsiY3JlYXRlIjozMDAwMDAwMDAwMDAsImRlbGV0ZSI6MzAwMDAwMDAwMDAwLCJ1cGRhdGUiOjEyMDAwMDAwMDAwMH19",
          "dependencies": [
            "module.networking.aws_route_table.public",
            "module.networking.aws_subnet.public",
            "module.networking.aws_vpc.main"
          ]
        }
      ]
    },
    {
      "module": "module.networking",
      "mode": "managed",
      "type": "aws_subnet",
      "name": "private",
      "provider": "provider[\"registry.terraform.io/hashicorp/aws\"]",
      "instances": [
        {
          "schema_version": 1,
          "attributes": {
            "arn": "arn:aws:ec2:ap-south-1:497645774924:subnet/subnet-07cdbf5fb492924c1",
            "assign_ipv6_address_on_creation": false,
            "availability_zone": "ap-south-1a",
            "availability_zone_id": "aps1-az1",
            "cidr_block": "10.0.2.0/24",
            "customer_owned_ipv4_pool": "",
            "enable_dns64": false,
            "enable_lni_at_device_index": 0,
            "enable_resource_name_dns_a_record_on_launch": false,
            "enable_resource_name_dns_aaaa_record_on_launch": false,
            "id": "subnet-07cdbf5fb492924c1",
            "ipv4_ipam_pool_id": null,
            "ipv4_netmask_length": null,
            "ipv6_cidr_block": "",
            "ipv6_cidr_block_association_id": "",
            "ipv6_ipam_pool_id": null,
            "ipv6_native": false,
            "ipv6_netmask_length": null,
            "map_customer_owned_ip_on_launch": false,
            "map_public_ip_on_launch": false,
            "outpost_arn": "",
            "owner_id": "497645774924",
            "private_dns_hostname_type_on_launch": "ip-name",
            "region": "ap-south-1",
            "tags": null,
            "tags_all": {},
            "timeouts": null,
            "vpc_id": "vpc-0f9e10d436941df28"
          },
          "sensitive_attributes": [],
          "identity_schema_version": 0,
          "identity": {
            "account_id": "497645774924",
            "id": "subnet-07cdbf5fb492924c1",
            "region": "ap-south-1"
          },
          "private": "eyJlMmJmYjczMC1lY2FhLTExZTYtOGY4OC0zNDM2M2JjN2M0YzAiOnsiY3JlYXRlIjo2MDAwMDAwMDAwMDAsImRlbGV0ZSI6MTIwMDAwMDAwMDAwMH0sInNjaGVtYV92ZXJzaW9uIjoiMSJ9",
          "dependencies": [
            "module.networking.aws_vpc.main"
          ]
        }
      ]
    },
    {
      "module": "module.networking",
      "mode": "managed",
      "type": "aws_subnet",
      "name": "public",
      "provider": "provider[\"registry.terraform.io/hashicorp/aws\"]",
      "instances": [
        {
          "schema_version": 1,
          "attributes": {
            "arn": "arn:aws:ec2:ap-south-1:497645774924:subnet/subnet-0a4413e80ae80f92b",
            "assign_ipv6_address_on_creation": false,
            "availability_zone": "ap-south-1a",
            "availability_zone_id": "aps1-az1",
            "cidr_block": "10.0.1.0/24",
            "customer_owned_ipv4_pool": "",
            "enable_dns64": false,
            "enable_lni_at_device_index": 0,
            "enable_resource_name_dns_a_record_on_launch": false,
            "enable_resource_name_dns_aaaa_record_on_launch": false,
            "id": "subnet-0a4413e80ae80f92b",
            "ipv4_ipam_pool_id": null,
            "ipv4_netmask_length": null,
            "ipv6_cidr_block": "",
            "ipv6_cidr_block_association_id": "",
            "ipv6_ipam_pool_id": null,
            "ipv6_native": false,
            "ipv6_netmask_length": null,
            "map_customer_owned_ip_on_launch": false,
            "map_public_ip_on_launch": true,
            "outpost_arn": "",
            "owner_id": "497645774924",
            "private_dns_hostname_type_on_launch": "ip-name",
            "region": "ap-south-1",
            "tags": null,
            "tags_all": {},
            "timeouts": null,
            "vpc_id": "vpc-0f9e10d436941df28"
          },
          "sensitive_attributes": [],
          "identity_schema_version": 0,
          "identity": {
            "account_id": "497645774924",
            "id": "subnet-0a4413e80ae80f92b",
            "region": "ap-south-1"
          },
          "private": "eyJlMmJmYjczMC1lY2FhLTExZTYtOGY4OC0zNDM2M2JjN2M0YzAiOnsiY3JlYXRlIjo2MDAwMDAwMDAwMDAsImRlbGV0ZSI6MTIwMDAwMDAwMDAwMH0sInNjaGVtYV92ZXJzaW9uIjoiMSJ9",
          "dependencies": [
            "module.networking.aws_vpc.main"
          ]
        }
      ]
    },
    {
      "module": "module.networking",
      "mode": "managed",
      "type": "aws_vpc",
      "name": "main",
      "provider": "provider[\"registry.terraform.io/hashicorp/aws\"]",
      "instances": [
        {
          "schema_version": 1,
          "attributes": {
            "arn": "arn:aws:ec2:ap-south-1:497645774924:vpc/vpc-0f9e10d436941df28",
            "assign_generated_ipv6_cidr_block": false,
            "cidr_block": "10.0.0.0/16",
            "default_network_acl_id": "acl-00f4106d00ee70f05",
            "default_route_table_id": "rtb-0db97822e79b7a631",
            "default_security_group_id": "sg-024c06c036daa6f24",
            "dhcp_options_id": "dopt-040af3d9dada084ea",
            "enable_dns_hostnames": false,
            "enable_dns_support": true,
            "enable_network_address_usage_metrics": false,
            "id": "vpc-0f9e10d436941df28",
            "instance_tenancy": "default",
            "ipv4_ipam_pool_id": null,
            "ipv4_netmask_length": null,
            "ipv6_association_id": "",
            "ipv6_cidr_block": "",
            "ipv6_cidr_block_network_border_group": "",
            "ipv6_ipam_pool_id": "",
            "ipv6_netmask_length": 0,
            "main_route_table_id": "rtb-0db97822e79b7a631",
            "owner_id": "497645774924",
            "region": "ap-south-1",
            "tags": {
              "Name": "custom-vpc"
            },
            "tags_all": {
              "Name": "custom-vpc"
            }
          },
          "sensitive_attributes": [],
          "identity_schema_version": 0,
          "identity": {
            "account_id": "497645774924",
            "id": "vpc-0f9e10d436941df28",
            "region": "ap-south-1"
          },
          "private": "eyJzY2hlbWFfdmVyc2lvbiI6IjEifQ=="
        }
      ]
    },
    {
      "module": "module.ssh_key",
      "mode": "managed",
      "type": "aws_key_pair",
      "name": "generated",
      "provider": "provider[\"registry.terraform.io/hashicorp/aws\"]",
      "instances": [
        {
          "schema_version": 1,
          "attributes": {
            "arn": "arn:aws:ec2:ap-south-1:497645774924:key-pair/terraform-key",
            "fingerprint": "1f:29:ac:8a:57:bd:3e:d9:61:99:80:69:7d:b0:7f:78",
            "id": "terraform-key",
            "key_name": "terraform-key",
            "key_name_prefix": "",
            "key_pair_id": "key-089ccb29f2782ace2",
            "key_type": "rsa",
            "public_key": "ssh-rsa AAAAB3NzaC1yc2EAAAADAQABAAACAQDNASumg6JO7GWDcTM4XhCJWrKVfEgEb9qAY4RBNcBiMVzhBKYCqTICTNijtFGo3gtX6BFLs4B4CKWN6PgmlVBtbBygY7yEt5tWJAi4f59jGX0n0h+YhUgPEaVfSj0g7N4wKORgPz3D+KSHKOBUFlOWpaTwueBKXM0mrogiU03CPV7ayBz7xeP8MJ6QhQalVY2HJDiXsGsq6QsAyv5FRJERVzVyZbTSy3N17K4U/alzCUz8O5NkRmJE8iuHE+WH7O9PKWj9U1eNkXR2/D/oGA6jhVnFEblNAWGtMnxNQhD6L52mGisZqd5R/XXVSTusFNOH/o54D2Aj0fCf8KjTjfG42EE3FU1m3U4X3tBp7rV6s/zBLS5QISyePaWKw/w2uyz4hqwOoSElQPI93O6Y9qeAYvtkFS4B675NQwUtm8xO2uttN+XghEqMiNqrq9usukdAtB4A/JYYkRH4h97E8cotijNlvH41yk3kh+F4HNyy7hr9zbYsn/+MumpdyymNL8BQnuTJdriUaOC20TNxj7wdY8zwDaLwaNlBkS2fGNjT86+fYh5i7NX9WugrfLCXC5L8UzYsgcFW0Q0qkcqUWW9w+xTKe7OknWMWCXrs8eyiPfNkr5kU66P/RUMt+WgqNs77jToRfmA53NL34oNhTxoT0zBOZv4lWeU908elQafvyw==",
            "region": "ap-south-1",
            "tags": null,
            "tags_all": {}
          },
          "sensitive_attributes": [],
          "identity_schema_version": 0,
          "private": "eyJzY2hlbWFfdmVyc2lvbiI6IjEifQ==",
          "dependencies": [
            "module.ssh_key.tls_private_key.key"
          ]
        }
      ]
    },
    {
      "module": "module.ssh_key",
      "mode": "managed",
      "type": "tls_private_key",
      "name": "key",
      "provider": "provider[\"registry.terraform.io/hashicorp/tls\"]",
      "instances": [
        {
          "schema_version": 1,
          "attributes": {
            "algorithm": "RSA",
            "ecdsa_curve": "P224",
            "id": "d26412df96f2c9b8e589e2b1886de5be5017e8f8",
            "private_key_openssh": "-----BEGIN OPENSSH PRIVATE KEY-----\nb3BlbnNzaC1rZXktdjEAAAAABG5vbmUAAAAEbm9uZQAAAAAAAAABAAACFwAAAAdz\nc2gtcnNhAAAAAwEAAQAAAgEAzQErpoOiTuxlg3EzOF4QiVqylXxIBG/agGOEQTXA\nYjFc4QSmAqkyAkzYo7RRqN4LV+gRS7OAeAiljej4JpVQbWwcoGO8hLebViQIuH+f\nYxl9J9IfmIVIDxGlX0o9IOzeMCjkYD89w/ikhyjgVBZTlqWk8LngSlzNJq6IIlNN\nwj1e2sgc+8Xj/DCekIUGpVWNhyQ4l7BrKukLAMr+RUSREVc1cmW00stzdeyuFP2p\ncwlM/DuTZEZiRPIrhxPlh+zvTylo/VNXjZF0dvw/6BgOo4VZxRG5TQFhrTJ8TUIQ\n+i+dphorGaneUf111Uk7rBTTh/6OeA9gI9Hwn/Co043xuNhBNxVNZt1OF97Qae61\nerP8wS0uUCEsnj2lisP8Nrss+IasDqEhJUDyPdzumPangGL7ZBUuAeu+TUMFLZvM\nTtrrbTfl4IRKjIjaq6vbrLpHQLQeAPyWGJER+IfexPHKLYozZbx+NcpN5IfheBzc\nsu4a/c22LJ//jLpqXcspjS/AUJ7kyXa4lGjgttEzcY+8HWPM8A2i8GjZQZEtnxjY\n0/Ovn2IeYuzV/VroK3ywlwuS/FM2LIHBVtENKpHKlFlvcPsUynuzpJ1jFgl67PHs\noj3zZK+ZFOuj/0VDLfloKjbO+406EX5gOdzS9+KDYU8aE9MwTmb+JVnlPdPHpUGn\n78sAAAc4LH7kdix+5HYAAAAHc3NoLXJzYQAAAgEAzQErpoOiTuxlg3EzOF4QiVqy\nlXxIBG/agGOEQTXAYjFc4QSmAqkyAkzYo7RRqN4LV+gRS7OAeAiljej4JpVQbWwc\noGO8hLebViQIuH+fYxl9J9IfmIVIDxGlX0o9IOzeMCjkYD89w/ikhyjgVBZTlqWk\n8LngSlzNJq6IIlNNwj1e2sgc+8Xj/DCekIUGpVWNhyQ4l7BrKukLAMr+RUSREVc1\ncmW00stzdeyuFP2pcwlM/DuTZEZiRPIrhxPlh+zvTylo/VNXjZF0dvw/6BgOo4VZ\nxRG5TQFhrTJ8TUIQ+i+dphorGaneUf111Uk7rBTTh/6OeA9gI9Hwn/Co043xuNhB\nNxVNZt1OF97Qae61erP8wS0uUCEsnj2lisP8Nrss+IasDqEhJUDyPdzumPangGL7\nZBUuAeu+TUMFLZvMTtrrbTfl4IRKjIjaq6vbrLpHQLQeAPyWGJER+IfexPHKLYoz\nZbx+NcpN5IfheBzcsu4a/c22LJ//jLpqXcspjS/AUJ7kyXa4lGjgttEzcY+8HWPM\n8A2i8GjZQZEtnxjY0/Ovn2IeYuzV/VroK3ywlwuS/FM2LIHBVtENKpHKlFlvcPsU\nynuzpJ1jFgl67PHsoj3zZK+ZFOuj/0VDLfloKjbO+406EX5gOdzS9+KDYU8aE9Mw\nTmb+JVnlPdPHpUGn78sAAAADAQABAAACAAQgbbb9hXN4Hr8ya5Umg2ZStdQOzART\n/ZuIA8gBmMyqW56PAih9E/4n3FSKtjcOGZS8kXTxOTkAlRSQgbRgjddvLzglN4my\n3c+HnrwtXqPOJH+UhMRl+az7mP/ZS0ufhTZtomUnfziz0J8XIabMoBCa7WLdbUqY\nA6MXIRTiF6RVhOCgR1+/aiG9qZHws/W8PjCEhGzVdgOQo3brq1mDguBxiDSPmdhs\nDn4uia+BuWWXCTJDAkWvCx5ps9deiXL3M+3VJ/Iraiv12BXCaZShUgJ/g+62STH0\nBAYBRWYlr3QWxp8n0yAv+5J02Zk7zwOCDekqtwN3f5O/G9iD/QB/GdaF3f2sPJow\ndkfjfvmCBc4it5ioR1uog3AtDLtGHAx+njqBCZbxBCkWGqM0wBfnZ5NT9wQ2BKfw\nb/VSf5GtBsvbbigbFnbkbmxa+hTnR/5wMPIFzRvj/czmq02IkbqVb9ZxMDAnZTx6\nVjpeYKlT3pIaAb6a8HoylZS+tlrORkgyxnB4ICO+Ppv6KhUIwFmOfUsPdUcMMcHR\nUWiIC86X1EBxAIdawlieetOFei7Z/RDYX+HeINDmOa46To+sukGP9ykSB3Mv3fcd\nCmnOT4H1CrIQZrxArPyeN963j2Je2oTwQu1AyScGtmLKY024MXAoiCr6KKgtIjWH\nwoy+zQ1q6BtBAAABAQDFbLQlbxSwDkwEQ00AsY+lJCzt7sbJyD4QAV7RTeqbjPx/\njnOqsYqsH/RqB2OBMySWASnGvPmcJOZkirEQWnbxz9TSWhYGPboFgTPBEb/FuqbO\nCT5It57J1VPbS9owWc/Ntij1o/oDshUTuIKqTD1MIp8z5/pWTXo94YvQTfD/9LOv\nWyZA5dPeSUcL/CefvLQ3Oe6L14w7Y7yFqMQe3XxgHb0lntrW/ubMHnBpTmqcOPrn\n4Up8yDucjd0ATADzYp0C1VVqbOrxho0cQTG9/VG/7CzPb6/9FmiIS2rcp0B/RKc8\nmSuSb7zGxrjaLwPR9rkhq/hHJau2jv/KLNg0N1clAAABAQDbjDiKy49rM//FKj/7\nWRjcT5du28eySc4CJe59c0M+KIoaL/RwRXvBNSS/jCzrgdb5uD3lyMSWQgWlnoCI\nFycEDGAdLUcDLE3hPAOjXepG7Elfvoan50WKCkNGlpGxkFM2Thc2xQkk9h5TtYcH\nCot2Mw52N3hPJO5Mbpxe/hv3TbdCbBWfGTlht0Gxqv3XlVu7VrAuLtx1rGShVchV\nhBUYN6qzm5piKaOcTr7b2aStgw2uOmbncVv3Rmt+bdvQR4o6OiS0xZYDNYHYaNGv\nbE/MM2iCWpOCLaf9dO/qj5O3N45PKpWKx4g+rkmJnGKXoHvpOR41W5ZN6qlNf0/t\nj2wFAAABAQDvCsyBaqOaX5bB5lH40RP5A0ugAqt/i+R3iKPuB/ccUDUzbxiAnKPi\nhKlP5lxlI9/yFbm439U4mdc3eKSSLKrrLehYIkv8uRyGlUqM05WwwhrCwz49EY/Z\nmdqmCUUnlTW4jQCc7K/xxeU+0fWHUIPV7j9hSHtkMPHeyChQYoQ8VZUhXJmLBh9x\nUwK61pXzJPos3mc178T+TZ9MJVqakGyFYVb0VcXxIQ7yt8fH2cwgtjJNO2M/Zv5K\nZRPR7yCPTJavKLwDUwOFjXX2yQRr4hNgl5s6dTea3CNZLTrs7UpCoUwkpOv5ICCT\nbKmaV0qywSL1KYVp8i0CuQWpkLMlfIWPAAAAAAEC\n-----END OPENSSH PRIVATE KEY-----\n",
            "private_key_pem": "-----BEGIN RSA PRIVATE KEY-----\nMIIJKAIBAAKCAgEAzQErpoOiTuxlg3EzOF4QiVqylXxIBG/agGOEQTXAYjFc4QSm\nAqkyAkzYo7RRqN4LV+gRS7OAeAiljej4JpVQbWwcoGO8hLebViQIuH+fYxl9J9If\nmIVIDxGlX0o9IOzeMCjkYD89w/ikhyjgVBZTlqWk8LngSlzNJq6IIlNNwj1e2sgc\n+8Xj/DCekIUGpVWNhyQ4l7BrKukLAMr+RUSREVc1cmW00stzdeyuFP2pcwlM/DuT\nZEZiRPIrhxPlh+zvTylo/VNXjZF0dvw/6BgOo4VZxRG5TQFhrTJ8TUIQ+i+dphor\nGaneUf111Uk7rBTTh/6OeA9gI9Hwn/Co043xuNhBNxVNZt1OF97Qae61erP8wS0u\nUCEsnj2lisP8Nrss+IasDqEhJUDyPdzumPangGL7ZBUuAeu+TUMFLZvMTtrrbTfl\n4IRKjIjaq6vbrLpHQLQeAPyWGJER+IfexPHKLYozZbx+NcpN5IfheBzcsu4a/c22\nLJ//jLpqXcspjS/AUJ7kyXa4lGjgttEzcY+8HWPM8A2i8GjZQZEtnxjY0/Ovn2Ie\nYuzV/VroK3ywlwuS/FM2LIHBVtENKpHKlFlvcPsUynuzpJ1jFgl67PHsoj3zZK+Z\nFOuj/0VDLfloKjbO+406EX5gOdzS9+KDYU8aE9MwTmb+JVnlPdPHpUGn78sCAwEA\nAQKCAgAEIG22/YVzeB6/MmuVJoNmUrXUDswEU/2biAPIAZjMqluejwIofRP+J9xU\nirY3DhmUvJF08Tk5AJUUkIG0YI3Xby84JTeJst3Ph568LV6jziR/lITEZfms+5j/\n2UtLn4U2baJlJ384s9CfFyGmzKAQmu1i3W1KmAOjFyEU4hekVYTgoEdfv2ohvamR\n8LP1vD4whIRs1XYDkKN266tZg4LgcYg0j5nYbA5+LomvgblllwkyQwJFrwseabPX\nXoly9zPt1SfyK2or9dgVwmmUoVICf4Putkkx9AQGAUVmJa90FsafJ9MgL/uSdNmZ\nO88Dgg3pKrcDd3+TvxvYg/0AfxnWhd39rDyaMHZH4375ggXOIreYqEdbqINwLQy7\nRhwMfp46gQmW8QQpFhqjNMAX52eTU/cENgSn8G/1Un+RrQbL224oGxZ25G5sWvoU\n50f+cDDyBc0b4/3M5qtNiJG6lW/WcTAwJ2U8elY6XmCpU96SGgG+mvB6MpWUvrZa\nzkZIMsZweCAjvj6b+ioVCMBZjn1LD3VHDDHB0VFoiAvOl9RAcQCHWsJYnnrThXou\n2f0Q2F/h3iDQ5jmuOk6PrLpBj/cpEgdzL933HQppzk+B9QqyEGa8QKz8njfet49i\nXtqE8ELtQMknBrZiymNNuDFwKIgq+iioLSI1h8KMvs0NaugbQQKCAQEA24w4isuP\nazP/xSo/+1kY3E+XbtvHsknOAiXufXNDPiiKGi/0cEV7wTUkv4ws64HW+bg95cjE\nlkIFpZ6AiBcnBAxgHS1HAyxN4TwDo13qRuxJX76Gp+dFigpDRpaRsZBTNk4XNsUJ\nJPYeU7WHBwqLdjMOdjd4TyTuTG6cXv4b9023QmwVnxk5YbdBsar915Vbu1awLi7c\ndaxkoVXIVYQVGDeqs5uaYimjnE6+29mkrYMNrjpm53Fb90Zrfm3b0EeKOjoktMWW\nAzWB2GjRr2xPzDNoglqTgi2n/XTv6o+TtzeOTyqViseIPq5JiZxil6B76TkeNVuW\nTeqpTX9P7Y9sBQKCAQEA7wrMgWqjml+WweZR+NET+QNLoAKrf4vkd4ij7gf3HFA1\nM28YgJyj4oSpT+ZcZSPf8hW5uN/VOJnXN3ikkiyq6y3oWCJL/LkchpVKjNOVsMIa\nwsM+PRGP2ZnapglFJ5U1uI0AnOyv8cXlPtH1h1CD1e4/YUh7ZDDx3sgoUGKEPFWV\nIVyZiwYfcVMCutaV8yT6LN5nNe/E/k2fTCVampBshWFW9FXF8SEO8rfHx9nMILYy\nTTtjP2b+SmUT0e8gj0yWryi8A1MDhY119skEa+ITYJebOnU3mtwjWS067O1KQqFM\nJKTr+SAgk2ypmldKssEi9SmFafItArkFqZCzJXyFjwKCAQAi+wJ/StO9FvnnpkWv\nfJCzeZL9PNNimtPSD80h+9145+ipJ37g7JE9RYRnaKQ3meZwv2RNWmHINxjDPK/p\n/xZeVMJzo6Uu4j4+ZtuFig8r4bYHJUo7MmQoDF6PvqnUCtTXUDXuqhI862IFoGS1\nQH7cBGKHf2sR4SZ+0xjjIcW+74kFckc3pEM6SIKVFlN/p/KHtNY5ZYoGzcLy2cIj\nrfnWc/gkyeQdQ9knrHxIdzL/2mOxoOiIc81dZsD10fc2BlAF2wHCM8ElHb9khb7z\nHmTQelhqfJgII9IiViFr1BiLFrT79CMDi6svoYFiBaLH2fAkRs+DXOZj38G98U0A\n4tspAoIBAHpLgw8e+K6NAvsWk4+Bn/9A4VruosDxWCSTgpLP/mu82UsEJnv+J5ZH\nGrwm9dREw1j+JnNgCJ0Zj9LwZPnn4lXJudoFSez045QzIt3jjezNkZVdACWMK5U/\nMm7JxViX7NELSmn+aZF/FmbKUhw1ZA16A3EI/R/oLoY0zvM5Q7/+ZPqZfnBy5Hk8\n5+OgzzyDCX8VFaaxkY4tNjdl0PHMu8iNYUhF7awMprIkthAX7Gg77oY2wPL6BVUY\nW0iHV5gYrerVI0NsIBweoGBuvVVYZ2N+jMselyEiSO9hxYjbaaenD+abfaKJ/kCO\nUkMFL9E+IF1fLcNjRAXllPEId67RAx8CggEBAMVstCVvFLAOTARDTQCxj6UkLO3u\nxsnIPhABXtFN6puM/H+Oc6qxiqwf9GoHY4EzJJYBKca8+Zwk5mSKsRBadvHP1NJa\nFgY9ugWBM8ERv8W6ps4JPki3nsnVU9tL2jBZz822KPWj+gOyFRO4gqpMPUwinzPn\n+lZNej3hi9BN8P/0s69bJkDl095JRwv8J5+8tDc57ovXjDtjvIWoxB7dfGAdvSWe\n2tb+5swecGlOapw4+ufhSnzIO5yN3QBMAPNinQLVVWps6vGGjRxBMb39Ub/sLM9v\nr/0WaIhLatynQH9EpzyZK5JvvMbGuNovA9H2uSGr+Eclq7aO/8os2DQ3VyU=\n-----END RSA PRIVATE KEY-----\n",
            "private_key_pem_pkcs8": "-----BEGIN PRIVATE KEY-----\nMIIJQgIBADANBgkqhkiG9w0BAQEFAASCCSwwggkoAgEAAoICAQDNASumg6JO7GWD\ncTM4XhCJWrKVfEgEb9qAY4RBNcBiMVzhBKYCqTICTNijtFGo3gtX6BFLs4B4CKWN\n6PgmlVBtbBygY7yEt5tWJAi4f59jGX0n0h+YhUgPEaVfSj0g7N4wKORgPz3D+KSH\nKOBUFlOWpaTwueBKXM0mrogiU03CPV7ayBz7xeP8MJ6QhQalVY2HJDiXsGsq6QsA\nyv5FRJERVzVyZbTSy3N17K4U/alzCUz8O5NkRmJE8iuHE+WH7O9PKWj9U1eNkXR2\n/D/oGA6jhVnFEblNAWGtMnxNQhD6L52mGisZqd5R/XXVSTusFNOH/o54D2Aj0fCf\n8KjTjfG42EE3FU1m3U4X3tBp7rV6s/zBLS5QISyePaWKw/w2uyz4hqwOoSElQPI9\n3O6Y9qeAYvtkFS4B675NQwUtm8xO2uttN+XghEqMiNqrq9usukdAtB4A/JYYkRH4\nh97E8cotijNlvH41yk3kh+F4HNyy7hr9zbYsn/+MumpdyymNL8BQnuTJdriUaOC2\n0TNxj7wdY8zwDaLwaNlBkS2fGNjT86+fYh5i7NX9WugrfLCXC5L8UzYsgcFW0Q0q\nkcqUWW9w+xTKe7OknWMWCXrs8eyiPfNkr5kU66P/RUMt+WgqNs77jToRfmA53NL3\n4oNhTxoT0zBOZv4lWeU908elQafvywIDAQABAoICAAQgbbb9hXN4Hr8ya5Umg2ZS\ntdQOzART/ZuIA8gBmMyqW56PAih9E/4n3FSKtjcOGZS8kXTxOTkAlRSQgbRgjddv\nLzglN4my3c+HnrwtXqPOJH+UhMRl+az7mP/ZS0ufhTZtomUnfziz0J8XIabMoBCa\n7WLdbUqYA6MXIRTiF6RVhOCgR1+/aiG9qZHws/W8PjCEhGzVdgOQo3brq1mDguBx\niDSPmdhsDn4uia+BuWWXCTJDAkWvCx5ps9deiXL3M+3VJ/Iraiv12BXCaZShUgJ/\ng+62STH0BAYBRWYlr3QWxp8n0yAv+5J02Zk7zwOCDekqtwN3f5O/G9iD/QB/GdaF\n3f2sPJowdkfjfvmCBc4it5ioR1uog3AtDLtGHAx+njqBCZbxBCkWGqM0wBfnZ5NT\n9wQ2BKfwb/VSf5GtBsvbbigbFnbkbmxa+hTnR/5wMPIFzRvj/czmq02IkbqVb9Zx\nMDAnZTx6VjpeYKlT3pIaAb6a8HoylZS+tlrORkgyxnB4ICO+Ppv6KhUIwFmOfUsP\ndUcMMcHRUWiIC86X1EBxAIdawlieetOFei7Z/RDYX+HeINDmOa46To+sukGP9ykS\nB3Mv3fcdCmnOT4H1CrIQZrxArPyeN963j2Je2oTwQu1AyScGtmLKY024MXAoiCr6\nKKgtIjWHwoy+zQ1q6BtBAoIBAQDbjDiKy49rM//FKj/7WRjcT5du28eySc4CJe59\nc0M+KIoaL/RwRXvBNSS/jCzrgdb5uD3lyMSWQgWlnoCIFycEDGAdLUcDLE3hPAOj\nXepG7Elfvoan50WKCkNGlpGxkFM2Thc2xQkk9h5TtYcHCot2Mw52N3hPJO5Mbpxe\n/hv3TbdCbBWfGTlht0Gxqv3XlVu7VrAuLtx1rGShVchVhBUYN6qzm5piKaOcTr7b\n2aStgw2uOmbncVv3Rmt+bdvQR4o6OiS0xZYDNYHYaNGvbE/MM2iCWpOCLaf9dO/q\nj5O3N45PKpWKx4g+rkmJnGKXoHvpOR41W5ZN6qlNf0/tj2wFAoIBAQDvCsyBaqOa\nX5bB5lH40RP5A0ugAqt/i+R3iKPuB/ccUDUzbxiAnKPihKlP5lxlI9/yFbm439U4\nmdc3eKSSLKrrLehYIkv8uRyGlUqM05WwwhrCwz49EY/ZmdqmCUUnlTW4jQCc7K/x\nxeU+0fWHUIPV7j9hSHtkMPHeyChQYoQ8VZUhXJmLBh9xUwK61pXzJPos3mc178T+\nTZ9MJVqakGyFYVb0VcXxIQ7yt8fH2cwgtjJNO2M/Zv5KZRPR7yCPTJavKLwDUwOF\njXX2yQRr4hNgl5s6dTea3CNZLTrs7UpCoUwkpOv5ICCTbKmaV0qywSL1KYVp8i0C\nuQWpkLMlfIWPAoIBACL7An9K070W+eemRa98kLN5kv0802Ka09IPzSH73Xjn6Kkn\nfuDskT1FhGdopDeZ5nC/ZE1aYcg3GMM8r+n/Fl5UwnOjpS7iPj5m24WKDyvhtgcl\nSjsyZCgMXo++qdQK1NdQNe6qEjzrYgWgZLVAftwEYod/axHhJn7TGOMhxb7viQVy\nRzekQzpIgpUWU3+n8oe01jlligbNwvLZwiOt+dZz+CTJ5B1D2SesfEh3Mv/aY7Gg\n6IhzzV1mwPXR9zYGUAXbAcIzwSUdv2SFvvMeZNB6WGp8mAgj0iJWIWvUGIsWtPv0\nIwOLqy+hgWIFosfZ8CRGz4Nc5mPfwb3xTQDi2ykCggEAekuDDx74ro0C+xaTj4Gf\n/0DhWu6iwPFYJJOCks/+a7zZSwQme/4nlkcavCb11ETDWP4mc2AInRmP0vBk+efi\nVcm52gVJ7PTjlDMi3eON7M2RlV0AJYwrlT8ybsnFWJfs0QtKaf5pkX8WZspSHDVk\nDXoDcQj9H+guhjTO8zlDv/5k+pl+cHLkeTzn46DPPIMJfxUVprGRji02N2XQ8cy7\nyI1hSEXtrAymsiS2EBfsaDvuhjbA8voFVRhbSIdXmBit6tUjQ2wgHB6gYG69VVhn\nY36Myx6XISJI72HFiNtpp6cP5pt9oon+QI5SQwUv0T4gXV8tw2NEBeWU8Qh3rtED\nHwKCAQEAxWy0JW8UsA5MBENNALGPpSQs7e7Gycg+EAFe0U3qm4z8f45zqrGKrB/0\nagdjgTMklgEpxrz5nCTmZIqxEFp28c/U0loWBj26BYEzwRG/xbqmzgk+SLeeydVT\n20vaMFnPzbYo9aP6A7IVE7iCqkw9TCKfM+f6Vk16PeGL0E3w//Szr1smQOXT3klH\nC/wnn7y0Nznui9eMO2O8hajEHt18YB29JZ7a1v7mzB5waU5qnDj65+FKfMg7nI3d\nAEwA82KdAtVVamzq8YaNHEExvf1Rv+wsz2+v/RZoiEtq3KdAf0SnPJkrkm+8xsa4\n2i8D0fa5Iav4RyWrto7/yizYNDdXJQ==\n-----END PRIVATE KEY-----\n",
            "public_key_fingerprint_md5": "bf:33:06:59:d1:4c:0f:fb:16:dd:c4:86:73:c8:bc:7a",
            "public_key_fingerprint_sha256": "SHA256:GlFPY2FUqOau+Q+y6ShyOizE+V31Pb6nsy04JvKnRbg",
            "public_key_openssh": "ssh-rsa AAAAB3NzaC1yc2EAAAADAQABAAACAQDNASumg6JO7GWDcTM4XhCJWrKVfEgEb9qAY4RBNcBiMVzhBKYCqTICTNijtFGo3gtX6BFLs4B4CKWN6PgmlVBtbBygY7yEt5tWJAi4f59jGX0n0h+YhUgPEaVfSj0g7N4wKORgPz3D+KSHKOBUFlOWpaTwueBKXM0mrogiU03CPV7ayBz7xeP8MJ6QhQalVY2HJDiXsGsq6QsAyv5FRJERVzVyZbTSy3N17K4U/alzCUz8O5NkRmJE8iuHE+WH7O9PKWj9U1eNkXR2/D/oGA6jhVnFEblNAWGtMnxNQhD6L52mGisZqd5R/XXVSTusFNOH/o54D2Aj0fCf8KjTjfG42EE3FU1m3U4X3tBp7rV6s/zBLS5QISyePaWKw/w2uyz4hqwOoSElQPI93O6Y9qeAYvtkFS4B675NQwUtm8xO2uttN+XghEqMiNqrq9usukdAtB4A/JYYkRH4h97E8cotijNlvH41yk3kh+F4HNyy7hr9zbYsn/+MumpdyymNL8BQnuTJdriUaOC20TNxj7wdY8zwDaLwaNlBkS2fGNjT86+fYh5i7NX9WugrfLCXC5L8UzYsgcFW0Q0qkcqUWW9w+xTKe7OknWMWCXrs8eyiPfNkr5kU66P/RUMt+WgqNs77jToRfmA53NL34oNhTxoT0zBOZv4lWeU908elQafvyw==\n",
            "public_key_pem": "-----BEGIN PUBLIC KEY-----\nMIICIjANBgkqhkiG9w0BAQEFAAOCAg8AMIICCgKCAgEAzQErpoOiTuxlg3EzOF4Q\niVqylXxIBG/agGOEQTXAYjFc4QSmAqkyAkzYo7RRqN4LV+gRS7OAeAiljej4JpVQ\nbWwcoGO8hLebViQIuH+fYxl9J9IfmIVIDxGlX0o9IOzeMCjkYD89w/ikhyjgVBZT\nlqWk8LngSlzNJq6IIlNNwj1e2sgc+8Xj/DCekIUGpVWNhyQ4l7BrKukLAMr+RUSR\nEVc1cmW00stzdeyuFP2pcwlM/DuTZEZiRPIrhxPlh+zvTylo/VNXjZF0dvw/6BgO\no4VZxRG5TQFhrTJ8TUIQ+i+dphorGaneUf111Uk7rBTTh/6OeA9gI9Hwn/Co043x\nuNhBNxVNZt1OF97Qae61erP8wS0uUCEsnj2lisP8Nrss+IasDqEhJUDyPdzumPan\ngGL7ZBUuAeu+TUMFLZvMTtrrbTfl4IRKjIjaq6vbrLpHQLQeAPyWGJER+IfexPHK\nLYozZbx+NcpN5IfheBzcsu4a/c22LJ//jLpqXcspjS/AUJ7kyXa4lGjgttEzcY+8\nHWPM8A2i8GjZQZEtnxjY0/Ovn2IeYuzV/VroK3ywlwuS/FM2LIHBVtENKpHKlFlv\ncPsUynuzpJ1jFgl67PHsoj3zZK+ZFOuj/0VDLfloKjbO+406EX5gOdzS9+KDYU8a\nE9MwTmb+JVnlPdPHpUGn78sCAwEAAQ==\n-----END PUBLIC KEY-----\n",
            "rsa_bits": 4096
          },
          "sensitive_attributes": [
            [
              {
                "type": "get_attr",
                "value": "private_key_openssh"
              }
            ],
            [
              {
                "type": "get_attr",
                "value": "private_key_pem"
              }
            ],
            [
              {
                "type": "get_attr",
                "value": "private_key_pem_pkcs8"
              }
            ]
          ],
          "identity_schema_version": 0
        }
      ]
    }
  ],
  "check_results": null
}
